
Microsoft Visual Studio Solution File, Format Version 12.00
# Visual Studio Version 17
VisualStudioVersion = 17.7.34031.279
MinimumVisualStudioVersion = 10.0.40219.1
Project("{9A19103F-16F7-4668-BE54-9A1E7A4F7556}") = "W39ManageChats", "W39ManageChats\W39ManageChats.csproj", "{38AAF425-6B53-4F29-885B-4510585C8DAB}"
EndProject
Global
	GlobalSection(SolutionConfigurationPlatforms) = preSolution
		Debug|Any CPU = Debug|Any CPU
		Release|Any CPU = Release|Any CPU
	EndGlobalSection
	GlobalSection(ProjectConfigurationPlatforms) = postSolution
		{38AAF425-6B53-4F29-885B-4510585C8DAB}.Debug|Any CPU.ActiveCfg = Debug|Any CPU
		{38AAF425-6B53-4F29-885B-4510585C8DAB}.Debug|Any CPU.Build.0 = Debug|Any CPU
		{38AAF425-6B53-4F29-885B-4510585C8DAB}.Release|Any CPU.ActiveCfg = Release|Any CPU
		{38AAF425-6B53-4F29-885B-4510585C8DAB}.Release|Any CPU.Build.0 = Release|Any CPU
	EndGlobalSection
	GlobalSection(SolutionProperties) = preSolution
		HideSolutionNode = FALSE
	EndGlobalSection
	GlobalSection(ExtensibilityGlobals) = postSolution
		SolutionGuid = {AC7FF20E-9B5A-4314-AF54-E7D49D274F15}
	EndGlobalSection
EndGlobal
